
Microsoft Visual Studio Solution File, Format Version 12.00
# Visual Studio Version 17
VisualStudioVersion = 17.0.31903.59
MinimumVisualStudioVersion = 10.0.40219.1
Project("{2150E333-8FDC-42A3-9474-1A3956D46DE8}") = "Solution Items", "Solution Items", "{8FCD2B5E-7294-4ED4-9941-0F9E5B3F64AF}"
	ProjectSection(SolutionItems) = preProject
		readme.md = readme.md
	EndProjectSection
EndProject
Project("{FAE04EC0-301F-11D3-BF4B-00C04F79EFBC}") = "SchemaBuilder.Core", "SchemaBuilder.Core\SchemaBuilder.Core.csproj", "{BCA717D3-4038-483B-A40B-D69DDD185F53}"
EndProject
Project("{FAE04EC0-301F-11D3-BF4B-00C04F79EFBC}") = "SchemaBuilder.SqlServer", "SchemaBuilder.SqlServer\SchemaBuilder.SqlServer.csproj", "{B53BA103-487B-44EA-B12C-D5EA2A29DF96}"
EndProject
Global
	GlobalSection(SolutionConfigurationPlatforms) = preSolution
		Debug|Any CPU = Debug|Any CPU
		Release|Any CPU = Release|Any CPU
	EndGlobalSection
	GlobalSection(ProjectConfigurationPlatforms) = postSolution
		{BCA717D3-4038-483B-A40B-D69DDD185F53}.Debug|Any CPU.ActiveCfg = Debug|Any CPU
		{BCA717D3-4038-483B-A40B-D69DDD185F53}.Debug|Any CPU.Build.0 = Debug|Any CPU
		{BCA717D3-4038-483B-A40B-D69DDD185F53}.Release|Any CPU.ActiveCfg = Release|Any CPU
		{BCA717D3-4038-483B-A40B-D69DDD185F53}.Release|Any CPU.Build.0 = Release|Any CPU
		{B53BA103-487B-44EA-B12C-D5EA2A29DF96}.Debug|Any CPU.ActiveCfg = Debug|Any CPU
		{B53BA103-487B-44EA-B12C-D5EA2A29DF96}.Debug|Any CPU.Build.0 = Debug|Any CPU
		{B53BA103-487B-44EA-B12C-D5EA2A29DF96}.Release|Any CPU.ActiveCfg = Release|Any CPU
		{B53BA103-487B-44EA-B12C-D5EA2A29DF96}.Release|Any CPU.Build.0 = Release|Any CPU
	EndGlobalSection
	GlobalSection(SolutionProperties) = preSolution
		HideSolutionNode = FALSE
	EndGlobalSection
	GlobalSection(ExtensibilityGlobals) = postSolution
		SolutionGuid = {C16AE958-D065-41E3-B0DB-FDD4A63FC525}
	EndGlobalSection
EndGlobal
